
Microsoft Visual Studio Solution File, Format Version 12.00
# Visual Studio Version 17
VisualStudioVersion = 17.12.35527.113
MinimumVisualStudioVersion = 10.0.40219.1
Project("{FAE04EC0-301F-11D3-BF4B-00C04F79EFBC}") = "Unicam.WebMobile.SagradaFamilia.Web", "Unicam.WebMobile.SagradaFamilia\Unicam.WebMobile.SagradaFamilia.Web.csproj", "{2DDD0208-B61F-46FB-9FEC-A4CCC9F12517}"
EndProject
Project("{FAE04EC0-301F-11D3-BF4B-00C04F79EFBC}") = "Unicam.WebMobile.SagradaFamilia.Models", "Unicam.WebMobile.SagradaFamilia.Models\Unicam.WebMobile.SagradaFamilia.Models.csproj", "{7DDA9D45-1433-4D1A-A86E-99F0AED5FAEC}"
EndProject
Project("{FAE04EC0-301F-11D3-BF4B-00C04F79EFBC}") = "Unicam.WebMobile.SagradaFamilia.Infrastructure", "Unicam.WebMobile.SagradaFamilia.Infrastructure\Unicam.WebMobile.SagradaFamilia.Infrastructure.csproj", "{2F66DF94-8EAC-422E-90FB-33E5FC977453}"
EndProject
Project("{FAE04EC0-301F-11D3-BF4B-00C04F79EFBC}") = "Unicam.WebMobile.SagradaFamilia.Application", "Unicam.WebMobile.SagradaFamilia.Application\Unicam.WebMobile.SagradaFamilia.Application.csproj", "{8553F646-C1B6-4E7C-BE6F-7B035C5598F5}"
EndProject
Global
	GlobalSection(SolutionConfigurationPlatforms) = preSolution
		Debug|Any CPU = Debug|Any CPU
		Release|Any CPU = Release|Any CPU
	EndGlobalSection
	GlobalSection(ProjectConfigurationPlatforms) = postSolution
		{2DDD0208-B61F-46FB-9FEC-A4CCC9F12517}.Debug|Any CPU.ActiveCfg = Debug|Any CPU
		{2DDD0208-B61F-46FB-9FEC-A4CCC9F12517}.Debug|Any CPU.Build.0 = Debug|Any CPU
		{2DDD0208-B61F-46FB-9FEC-A4CCC9F12517}.Release|Any CPU.ActiveCfg = Release|Any CPU
		{2DDD0208-B61F-46FB-9FEC-A4CCC9F12517}.Release|Any CPU.Build.0 = Release|Any CPU
		{7DDA9D45-1433-4D1A-A86E-99F0AED5FAEC}.Debug|Any CPU.ActiveCfg = Debug|Any CPU
		{7DDA9D45-1433-4D1A-A86E-99F0AED5FAEC}.Debug|Any CPU.Build.0 = Debug|Any CPU
		{7DDA9D45-1433-4D1A-A86E-99F0AED5FAEC}.Release|Any CPU.ActiveCfg = Release|Any CPU
		{7DDA9D45-1433-4D1A-A86E-99F0AED5FAEC}.Release|Any CPU.Build.0 = Release|Any CPU
		{2F66DF94-8EAC-422E-90FB-33E5FC977453}.Debug|Any CPU.ActiveCfg = Debug|Any CPU
		{2F66DF94-8EAC-422E-90FB-33E5FC977453}.Debug|Any CPU.Build.0 = Debug|Any CPU
		{2F66DF94-8EAC-422E-90FB-33E5FC977453}.Release|Any CPU.ActiveCfg = Release|Any CPU
		{2F66DF94-8EAC-422E-90FB-33E5FC977453}.Release|Any CPU.Build.0 = Release|Any CPU
		{8553F646-C1B6-4E7C-BE6F-7B035C5598F5}.Debug|Any CPU.ActiveCfg = Debug|Any CPU
		{8553F646-C1B6-4E7C-BE6F-7B035C5598F5}.Debug|Any CPU.Build.0 = Debug|Any CPU
		{8553F646-C1B6-4E7C-BE6F-7B035C5598F5}.Release|Any CPU.ActiveCfg = Release|Any CPU
		{8553F646-C1B6-4E7C-BE6F-7B035C5598F5}.Release|Any CPU.Build.0 = Release|Any CPU
	EndGlobalSection
	GlobalSection(SolutionProperties) = preSolution
		HideSolutionNode = FALSE
	EndGlobalSection
EndGlobal
